[metadata]
lock_version = 3
declaration_hash_version = 1
declaration_hash = "sha256:7a38d38283097a094c3e9d0dad6a00c384359eaa938c3d71c70b1a500ad0fd2a"
generated_by = "ocx 0.6.0"
generated_at = "2026-09-03T18:30:49Z"

[[tool]]
name = "cli"
group = "default"
repository = "dev.ocx.sh/ocx/cli"

[tool.platforms]
"darwin/amd64" = "sha256:75d65c1c5090049edf7358b4bb1b38a96faa095da8db38a3970c9998857e528a"
"darwin/arm64" = "sha256:1628641f8a32e5ea772eee6d636c1ddcdbe3a31135c4150b55eeb1fa3435a575"
"linux/amd64" = "sha256:8e8f7c98b7ed8a90cd2fc8205480d6df88b405c2d002978ddd9e442b0a1226fb"
"linux/arm64" = "sha256:9097d403fe65afa61b66925c02ab8f62fd35faf2b09dea28a340b12ffc6e7eb7"
"windows/amd64" = "sha256:41653949c03e18938bfa053a25b42f4439036ede1c2c0ea7f583ec109103e842"
"windows/arm64" = "sha256:3ca4d6ad33760c16f7e59c356f500bc9d5d25f6866599e6fac5ef136b323a3f4"

[[tool]]
name = "mirror"
group = "default"
repository = "dev.ocx.sh/ocx/mirror"

[tool.platforms]
"darwin/amd64" = "sha256:271aa809b46d73c7df2b9fe0765f370215180de742dc950971c1326b6a780311"
"darwin/arm64" = "sha256:c5983abc2265b5540eb31b7aaf33c72d5e6e1a6a5db1f5c2ccbe6668c65c9712"
"linux/amd64" = "sha256:3efac6a3532f4661ba5f271d648ef734ae8762d07cc072ba28f612796d9ae600"
"linux/arm64" = "sha256:11401e9cd2b40fdcc0c5f7bd5de0bd1374a7ccd154278771b00fadc5ee3bc84d"
"windows/amd64" = "sha256:49e5373792cbbbe7add3fe2008a566b722bbf948898338387d9823b589597996"
"windows/arm64" = "sha256:62f64f6dcb96d4ecad7b14e1fc6af8db96cea59eaeb044d130e121a35c97f9c4"
